
Microsoft Visual Studio Solution File, Format Version 12.00
# Visual Studio 2012
Project("{FAE04EC0-301F-11D3-BF4B-00C04F79EFBC}") = "FastFood", "FastFood\FastFood.csproj", "{8A585810-6EF8-4D2A-A0FB-5F8F970D316C}"
EndProject
Project("{FAE04EC0-301F-11D3-BF4B-00C04F79EFBC}") = "DALBLL", "DAL\DALBLL.csproj", "{F809779F-66DF-417D-95F7-9AFB5036848D}"
EndProject
Global
	GlobalSection(SolutionConfigurationPlatforms) = preSolution
		Debug|Any CPU = Debug|Any CPU
		Release|Any CPU = Release|Any CPU
	EndGlobalSection
	GlobalSection(ProjectConfigurationPlatforms) = postSolution
		{8A585810-6EF8-4D2A-A0FB-5F8F970D316C}.Debug|Any CPU.ActiveCfg = Debug|Any CPU
		{8A585810-6EF8-4D2A-A0FB-5F8F970D316C}.Debug|Any CPU.Build.0 = Debug|Any CPU
		{8A585810-6EF8-4D2A-A0FB-5F8F970D316C}.Release|Any CPU.ActiveCfg = Release|Any CPU
		{8A585810-6EF8-4D2A-A0FB-5F8F970D316C}.Release|Any CPU.Build.0 = Release|Any CPU
		{F809779F-66DF-417D-95F7-9AFB5036848D}.Debug|Any CPU.ActiveCfg = Debug|Any CPU
		{F809779F-66DF-417D-95F7-9AFB5036848D}.Debug|Any CPU.Build.0 = Debug|Any CPU
		{F809779F-66DF-417D-95F7-9AFB5036848D}.Release|Any CPU.ActiveCfg = Release|Any CPU
		{F809779F-66DF-417D-95F7-9AFB5036848D}.Release|Any CPU.Build.0 = Release|Any CPU
	EndGlobalSection
	GlobalSection(SolutionProperties) = preSolution
		HideSolutionNode = FALSE
	EndGlobalSection
EndGlobal
